{
  "name": "jsonix-lexml",
  "version": "1.0.0",
  "lockfileVersion": 1,
  "requires": true,
  "dependencies": {
    "amdefine": {
      "version": "0.1.1",
      "resolved": "https://registry.npmjs.org/amdefine/-/amdefine-0.1.1.tgz",
      "integrity": "sha1-tcdcUyBS3M1qOcAGTHcsjVegbNI="
    },
    "jsonix": {
      "version": "3.0.0",
      "resolved": "https://registry.npmjs.org/jsonix/-/jsonix-3.0.0.tgz",
      "integrity": "sha512-3I3CwAR5YRLGEApVjTYIDVzjryfvQq1sdEu8FLLCirGYBA9j0qDhIFHjtxEEyV0UApRgdAG8l4Za0VllZENHyA==",
      "requires": {
        "amdefine": "0.x.x",
        "xmldom": ">=0.1.21",
        "xmlhttprequest": "1.x.x"
      }
    },
    "xmldom": {
      "version": "0.6.0",
      "resolved": "https://registry.npmjs.org/xmldom/-/xmldom-0.6.0.tgz",
      "integrity": "sha512-iAcin401y58LckRZ0TkI4k0VSM1Qg0KGSc3i8rU+xrxe19A/BN1zHyVSJY7uoutVlaTSzYyk/v5AmkewAP7jtg=="
    },
    "xmlhttprequest": {
      "version": "1.8.0",
      "resolved": "https://registry.npmjs.org/xmlhttprequest/-/xmlhttprequest-1.8.0.tgz",
      "integrity": "sha1-Z/4HXFwk/vOfnWX197f+dRcZaPw="
    }
  }
}
