{
  "name": "jsonix-lexml",
  "version": "1.0.0",
  "lockfileVersion": 1,
  "requires": true,
  "dependencies": {
    "amdefine": {
      "version": "0.1.1",
      "resolved": "https://registry.npmjs.org/amdefine/-/amdefine-0.1.1.tgz",
      "integrity": "sha1-tcdcUyBS3M1qOcAGTHcsjVegbNI="
    },
    "commander": {
      "version": "8.3.0",
      "resolved": "https://registry.npmjs.org/commander/-/commander-8.3.0.tgz",
      "integrity": "sha512-OkTL9umf+He2DZkUq8f8J9of7yL6RJKI24dVITBmNfZBmri9zYZQrKkuXiKhyfPSu8tUhnVBB1iKXevvnlR4Ww=="
    },
    "get-stdin": {
      "version": "9.0.0",
      "resolved": "https://registry.npmjs.org/get-stdin/-/get-stdin-9.0.0.tgz",
      "integrity": "sha512-dVKBjfWisLAicarI2Sf+JuBE/DghV4UzNAVe9yhEJuzeREd3JhOTE9cUaJTeSa77fsbQUK3pcOpJfM59+VKZaA=="
    },
    "jsonix": {
      "version": "3.0.0",
      "resolved": "https://registry.npmjs.org/jsonix/-/jsonix-3.0.0.tgz",
      "integrity": "sha512-3I3CwAR5YRLGEApVjTYIDVzjryfvQq1sdEu8FLLCirGYBA9j0qDhIFHjtxEEyV0UApRgdAG8l4Za0VllZENHyA==",
      "requires": {
        "amdefine": "0.x.x",
        "xmldom": ">=0.1.21",
        "xmlhttprequest": "1.x.x"
      }
    },
    "jsonix-schema-compiler": {
      "version": "2.3.9",
      "resolved": "https://registry.npmjs.org/jsonix-schema-compiler/-/jsonix-schema-compiler-2.3.9.tgz",
      "integrity": "sha1-N18mXKDjc44D0lRKhbkxW7nkXjo="
    },
    "xmldom": {
      "version": "0.6.0",
      "resolved": "https://registry.npmjs.org/xmldom/-/xmldom-0.6.0.tgz",
      "integrity": "sha512-iAcin401y58LckRZ0TkI4k0VSM1Qg0KGSc3i8rU+xrxe19A/BN1zHyVSJY7uoutVlaTSzYyk/v5AmkewAP7jtg=="
    },
    "xmlhttprequest": {
      "version": "1.8.0",
      "resolved": "https://registry.npmjs.org/xmlhttprequest/-/xmlhttprequest-1.8.0.tgz",
      "integrity": "sha1-Z/4HXFwk/vOfnWX197f+dRcZaPw="
    }
  }
}
